
Microsoft Visual Studio Solution File, Format Version 12.00
# Visual Studio Version 17
VisualStudioVersion = 17.3.32819.101
MinimumVisualStudioVersion = 10.0.40219.1
Project("{FAE04EC0-301F-11D3-BF4B-00C04F79EFBC}") = "CrudApp", "CrudApp\CrudApp.csproj", "{4D699FBD-0F70-4BE4-9226-F19EC2A7F6FC}"
EndProject
Global
	GlobalSection(SolutionConfigurationPlatforms) = preSolution
		Debug|Any CPU = Debug|Any CPU
		Release|Any CPU = Release|Any CPU
	EndGlobalSection
	GlobalSection(ProjectConfigurationPlatforms) = postSolution
		{4D699FBD-0F70-4BE4-9226-F19EC2A7F6FC}.Debug|Any CPU.ActiveCfg = Debug|Any CPU
		{4D699FBD-0F70-4BE4-9226-F19EC2A7F6FC}.Debug|Any CPU.Build.0 = Debug|Any CPU
		{4D699FBD-0F70-4BE4-9226-F19EC2A7F6FC}.Release|Any CPU.ActiveCfg = Release|Any CPU
		{4D699FBD-0F70-4BE4-9226-F19EC2A7F6FC}.Release|Any CPU.Build.0 = Release|Any CPU
	EndGlobalSection
	GlobalSection(SolutionProperties) = preSolution
		HideSolutionNode = FALSE
	EndGlobalSection
	GlobalSection(ExtensibilityGlobals) = postSolution
		SolutionGuid = {8BF08E4F-18E2-411C-981D-24C58CB6EBFC}
	EndGlobalSection
EndGlobal
